
Microsoft Visual Studio Solution File, Format Version 12.00
# Visual Studio Version 17
VisualStudioVersion = 17.0.31919.166
MinimumVisualStudioVersion = 10.0.40219.1
Project("{FAE04EC0-301F-11D3-BF4B-00C04F79EFBC}") = "FirstCourseApp", "FirstCourseApp\FirstCourseApp.csproj", "{1FD292B4-B885-451F-A431-7017923913B3}"
EndProject
Global
	GlobalSection(SolutionConfigurationPlatforms) = preSolution
		Debug|Any CPU = Debug|Any CPU
		Release|Any CPU = Release|Any CPU
	EndGlobalSection
	GlobalSection(ProjectConfigurationPlatforms) = postSolution
		{1FD292B4-B885-451F-A431-7017923913B3}.Debug|Any CPU.ActiveCfg = Debug|Any CPU
		{1FD292B4-B885-451F-A431-7017923913B3}.Debug|Any CPU.Build.0 = Debug|Any CPU
		{1FD292B4-B885-451F-A431-7017923913B3}.Release|Any CPU.ActiveCfg = Release|Any CPU
		{1FD292B4-B885-451F-A431-7017923913B3}.Release|Any CPU.Build.0 = Release|Any CPU
	EndGlobalSection
	GlobalSection(SolutionProperties) = preSolution
		HideSolutionNode = FALSE
	EndGlobalSection
	GlobalSection(ExtensibilityGlobals) = postSolution
		SolutionGuid = {739259E3-B039-4CF0-B5BB-176BDCB87E3F}
	EndGlobalSection
EndGlobal
